// !$*UTF8*$!
{
	archiveVersion = 1;
	classes = {
	};
	objectVersion = 50;
	objects = {

/* Begin PBXBuildFile section */
		DEC1DA9624B70B2600A59196 /* AppDelegate.swift in Sources */ = {isa = PBXBuildFile; fileRef = DEC1DA9524B70B2600A59196 /* AppDelegate.swift */; };
		DEC1DA9824B70B2600A59196 /* SceneDelegate.swift in Sources */ = {isa = PBXBuildFile; fileRef = DEC1DA9724B70B2600A59196 /* SceneDelegate.swift */; };
		DEC1DA9A24B70B2600A59196 /* ViewController.swift in Sources */ = {isa = PBXBuildFile; fileRef = DEC1DA9924B70B2600A59196 /* ViewController.swift */; };
		DEC1DA9D24B70B2600A59196 /* Main.storyboard in Resources */ = {isa = PBXBuildFile; fileRef = DEC1DA9B24B70B2600A59196 /* Main.storyboard */; };
		DEC1DA9F24B70B2700A59196 /* Assets.xcassets in Resources */ = {isa = PBXBuildFile; fileRef = DEC1DA9E24B70B2700A59196 /* Assets.xcassets */; };
		DEC1DAA224B70B2700A59196 /* LaunchScreen.storyboard in Resources */ = {isa = PBXBuildFile; fileRef = DEC1DAA024B70B2700A59196 /* LaunchScreen.storyboard */; };
/* End PBXBuildFile section */

/* Begin PBXFileReference section */
		DEC1DA9224B70B2600A59196 /* WordsCloudGenerator.app */ = {isa = PBXFileReference; explicitFileType = wrapper.application; includeInIndex = 0; path = WordsCloudGenerator.app; sourceTree = BUILT_PRODUCTS_DIR; };
		DEC1DA9524B70B2600A59196 /* AppDelegate.swift */ = {isa = PBXFileReference; lastKnownFileType = sourcecode.swift; path = AppDelegate.swift; sourceTree = "<group>"; };
		DEC1DA9724B70B2600A59196 /* SceneDelegate.swift */ = {isa = PBXFileReference; lastKnownFileType = sourcecode.swift; path = SceneDelegate.swift; sourceTree = "<group>"; };
		DEC1DA9924B70B2600A59196 /* ViewController.swift */ = {isa = PBXFileReference; lastKnownFileType = sourcecode.swift; path = ViewController.swift; sourceTree = "<group>"; };
		DEC1DA9C24B70B2600A59196 /* Base */ = {isa = PBXFileReference; lastKnownFileType = file.storyboard; name = Base; path = Base.lproj/Main.storyboard; sourceTree = "<group>"; };
		DEC1DA9E24B70B2700A59196 /* Assets.xcassets */ = {isa = PBXFileReference; lastKnownFileType = folder.assetcatalog; path = Assets.xcassets; sourceTree = "<group>"; };
		DEC1DAA124B70B2700A59196 /* Base */ = {isa = PBXFileReference; lastKnownFileType = file.storyboard; name = Base; path = Base.lproj/LaunchScreen.storyboard; sourceTree = "<group>"; };
		DEC1DAA324B70B2700A59196 /* Info.plist */ = {isa = PBXFileReference; lastKnownFileType = text.plist.xml; path = Info.plist; sourceTree = "<group>"; };
/* End PBXFileReference section */

/* Begin PBXFrameworksBuildPhase section */
		DEC1DA8F24B70B2600A59196 /* Frameworks */ = {
			isa = PBXFrameworksBuildPhase;
			buildActionMask = 2147483647;
			files = (
			);
			runOnlyForDeploymentPostprocessing = 0;
		};
/* End PBXFrameworksBuildPhase section */

/* Begin PBXGroup section */
		DEC1DA8924B70B2500A59196 = {
			isa = PBXGroup;
			children = (
				DEC1DA9424B70B2600A59196 /* WordsCloudGenerator */,
				DEC1DA9324B70B2600A59196 /* Products */,
			);
			sourceTree = "<group>";
		};
		DEC1DA9324B70B2600A59196 /* Products */ = {
			isa = PBXGroup;
			children = (
				DEC1DA9224B70B2600A59196 /* WordsCloudGenerator.app */,
			);
			name = Products;
			sourceTree = "<group>";
		};
		DEC1DA9424B70B2600A59196 /* WordsCloudGenerator */ = {
			isa = PBXGroup;
			children = (
				DEC1DA9524B70B2600A59196 /* AppDelegate.swift */,
				DEC1DA9724B70B2600A59196 /* SceneDelegate.swift */,
				DEC1DA9924B70B2600A59196 /* ViewController.swift */,
				DEC1DA9B24B70B2600A59196 /* Main.storyboard */,
				DEC1DA9E24B70B2700A59196 /* Assets.xcassets */,
				DEC1DAA024B70B2700A59196 /* LaunchScreen.storyboard */,
				DEC1DAA324B70B2700A59196 /* Info.plist */,
			);
			path = WordsCloudGenerator;
			sourceTree = "<group>";
		};
/* End PBXGroup section */

/* Begin PBXNativeTarget section */
		DEC1DA9124B70B2600A59196 /* WordsCloudGenerator */ = {
			isa = PBXNativeTarget;
			buildConfigurationList = DEC1DAA624B70B2700A59196 /* Build configuration list for PBXNativeTarget "WordsCloudGenerator" */;
			buildPhases = (
				DEC1DA8E24B70B2600A59196 /* Sources */,
				DEC1DA8F24B70B2600A59196 /* Frameworks */,
				DEC1DA9024B70B2600A59196 /* Resources */,
			);
			buildRules = (
			);
			dependencies = (
			);
			name = WordsCloudGenerator;
			productName = WordsCloudGenerator;
			productReference = DEC1DA9224B70B2600A59196 /* WordsCloudGenerator.app */;
			productType = "com.apple.product-type.application";
		};
/* End PBXNativeTarget section */

/* Begin PBXProject section */
		DEC1DA8A24B70B2500A59196 /* Project object */ = {
			isa = PBXProject;
			attributes = {
				LastSwiftUpdateCheck = 1150;
				LastUpgradeCheck = 1150;
				ORGANIZATIONNAME = "Jose Barba";
				TargetAttributes = {
					DEC1DA9124B70B2600A59196 = {
						CreatedOnToolsVersion = 11.5;
					};
				};
			};
			buildConfigurationList = DEC1DA8D24B70B2500A59196 /* Build configuration list for PBXProject "WordsCloudGenerator" */;
			compatibilityVersion = "Xcode 9.3";
			developmentRegion = en;
			hasScannedForEncodings = 0;
			knownRegions = (
				en,
				Base,
			);
			mainGroup = DEC1DA8924B70B2500A59196;
			productRefGroup = DEC1DA9324B70B2600A59196 /* Products */;
			projectDirPath = "";
			projectRoot = "";
			targets = (
				DEC1DA9124B70B2600A59196 /* WordsCloudGenerator */,
			);
		};
/* End PBXProject section */

/* Begin PBXResourcesBuildPhase section */
		DEC1DA9024B70B2600A59196 /* Resources */ = {
			isa = PBXResourcesBuildPhase;
			buildActionMask = 2147483647;
			files = (
				DEC1DAA224B70B2700A59196 /* LaunchScreen.storyboard in Resources */,
				DEC1DA9F24B70B2700A59196 /* Assets.xcassets in Resources */,
				DEC1DA9D24B70B2600A59196 /* Main.storyboard in Resources */,
			);
			runOnlyForDeploymentPostprocessing = 0;
		};
/* End PBXResourcesBuildPhase section */

/* Begin PBXSourcesBuildPhase section */
		DEC1DA8E24B70B2600A59196 /* Sources */ = {
			isa = PBXSourcesBuildPhase;
			buildActionMask = 2147483647;
			files = (
				DEC1DA9A24B70B2600A59196 /* ViewController.swift in Sources */,
				DEC1DA9624B70B2600A59196 /* AppDelegate.swift in Sources */,
				DEC1DA9824B70B2600A59196 /* SceneDelegate.swift in Sources */,
			);
			runOnlyForDeploymentPostprocessing = 0;
		};
/* End PBXSourcesBuildPhase section */

/* Begin PBXVariantGroup section */
		DEC1DA9B24B70B2600A59196 /* Main.storyboard */ = {
			isa = PBXVariantGroup;
			children = (
				DEC1DA9C24B70B2600A59196 /* Base */,
			);
			name = Main.storyboard;
			sourceTree = "<group>";
		};
		DEC1DAA024B70B2700A59196 /* LaunchScreen.storyboard */ = {
			isa = PBXVariantGroup;
			children = (
				DEC1DAA124B70B2700A59196 /* Base */,
			);
			name = LaunchScreen.storyboard;
			sourceTree = "<group>";
		};
/* End PBXVariantGroup section */

/* Begin XCBuildConfiguration section */
		DEC1DAA424B70B2700A59196 /* Debug */ = {
			isa = XCBuildConfiguration;
			buildSettings = {
				ALWAYS_SEARCH_USER_PATHS = NO;
				CLANG_ANALYZER_NONNULL = YES;
				CLANG_ANALYZER_NUMBER_OBJECT_CONVERSION = YES_AGGRESSIVE;
				CLANG_CXX_LANGUAGE_STANDARD = "gnu++14";
				CLANG_CXX_LIBRARY = "libc++";
				CLANG_ENABLE_MODULES = YES;
				CLANG_ENABLE_OBJC_ARC = YES;
				CLANG_ENABLE_OBJC_WEAK = YES;
				CLANG_WARN_BLOCK_CAPTURE_AUTORELEASING = YES;
				CLANG_WARN_BOOL_CONVERSION = YES;
				CLANG_WARN_COMMA = YES;
				CLANG_WARN_CONSTANT_CONVERSION = YES;
				CLANG_WARN_DEPRECATED_OBJC_IMPLEMENTATIONS = YES;
				CLANG_WARN_DIRECT_OBJC_ISA_USAGE = YES_ERROR;
				CLANG_WARN_DOCUMENTATION_COMMENTS = YES;
				CLANG_WARN_EMPTY_BODY = YES;
				CLANG_WARN_ENUM_CONVERSION = YES;
				CLANG_WARN_INFINITE_RECURSION = YES;
				CLANG_WARN_INT_CONVERSION = YES;
				CLANG_WARN_NON_LITERAL_NULL_CONVERSION = YES;
				CLANG_WARN_OBJC_IMPLICIT_RETAIN_SELF = YES;
				CLANG_WARN_OBJC_LITERAL_CONVERSION = YES;
				CLANG_WARN_OBJC_ROOT_CLASS = YES_ERROR;
				CLANG_WARN_RANGE_LOOP_ANALYSIS = YES;
				CLANG_WARN_STRICT_PROTOTYPES = YES;
				CLANG_WARN_SUSPICIOUS_MOVE = YES;
				CLANG_WARN_UNGUARDED_AVAILABILITY = YES_AGGRESSIVE;
				CLANG_WARN_UNREACHABLE_CODE = YES;
				CLANG_WARN__DUPLICATE_METHOD_MATCH = YES;
				COPY_PHASE_STRIP = NO;
				DEBUG_INFORMATION_FORMAT = dwarf;
				ENABLE_STRICT_OBJC_MSGSEND = YES;
				ENABLE_TESTABILITY = YES;
				GCC_C_LANGUAGE_STANDARD = gnu11;
				GCC_DYNAMIC_NO_PIC = NO;
				GCC_NO_COMMON_BLOCKS = YES;
				GCC_OPTIMIZATION_LEVEL = 0;
				GCC_PREPROCESSOR_DEFINITIONS = (
					"DEBUG=1",
					"$(inherited)",
				);
				GCC_WARN_64_TO_32_BIT_CONVERSION = YES;
				GCC_WARN_ABOUT_RETURN_TYPE = YES_ERROR;
				GCC_WARN_UNDECLARED_SELECTOR = YES;
				GCC_WARN_UNINITIALIZED_AUTOS = YES_AGGRESSIVE;
				GCC_WARN_UNUSED_FUNCTION = YES;
				GCC_WARN_UNUSED_VARIABLE = YES;
				IPHONEOS_DEPLOYMENT_TARGET = 13.5;
				MTL_ENABLE_DEBUG_INFO = INCLUDE_SOURCE;
				MTL_FAST_MATH = YES;
				ONLY_ACTIVE_ARCH = YES;
				SDKROOT = iphoneos;
				SWIFT_ACTIVE_COMPILATION_CONDITIONS = DEBUG;
				SWIFT_OPTIMIZATION_LEVEL = "-Onone";
			};
			name = Debug;
		};
		DEC1DAA524B70B2700A59196 /* Release */ = {
			isa = XCBuildConfiguration;
			buildSettings = {
				ALWAYS_SEARCH_USER_PATHS = NO;
				CLANG_ANALYZER_NONNULL = YES;
				CLANG_ANALYZER_NUMBER_OBJECT_CONVERSION = YES_AGGRESSIVE;
				CLANG_CXX_LANGUAGE_STANDARD = "gnu++14";
				CLANG_CXX_LIBRARY = "libc++";
				CLANG_ENABLE_MODULES = YES;
				CLANG_ENABLE_OBJC_ARC = YES;
				CLANG_ENABLE_OBJC_WEAK = YES;
				CLANG_WARN_BLOCK_CAPTURE_AUTORELEASING = YES;
				CLANG_WARN_BOOL_CONVERSION = YES;
				CLANG_WARN_COMMA = YES;
				CLANG_WARN_CONSTANT_CONVERSION = YES;
				CLANG_WARN_DEPRECATED_OBJC_IMPLEMENTATIONS = YES;
				CLANG_WARN_DIRECT_OBJC_ISA_USAGE = YES_ERROR;
				CLANG_WARN_DOCUMENTATION_COMMENTS = YES;
				CLANG_WARN_EMPTY_BODY = YES;
				CLANG_WARN_ENUM_CONVERSION = YES;
				CLANG_WARN_INFINITE_RECURSION = YES;
				CLANG_WARN_INT_CONVERSION = YES;
				CLANG_WARN_NON_LITERAL_NULL_CONVERSION = YES;
				CLANG_WARN_OBJC_IMPLICIT_RETAIN_SELF = YES;
				CLANG_WARN_OBJC_LITERAL_CONVERSION = YES;
				CLANG_WARN_OBJC_ROOT_CLASS = YES_ERROR;
				CLANG_WARN_RANGE_LOOP_ANALYSIS = YES;
				CLANG_WARN_STRICT_PROTOTYPES = YES;
				CLANG_WARN_SUSPICIOUS_MOVE = YES;
				CLANG_WARN_UNGUARDED_AVAILABILITY = YES_AGGRESSIVE;
				CLANG_WARN_UNREACHABLE_CODE = YES;
				CLANG_WARN__DUPLICATE_METHOD_MATCH = YES;
				COPY_PHASE_STRIP = NO;
				DEBUG_INFORMATION_FORMAT = "dwarf-with-dsym";
				ENABLE_NS_ASSERTIONS = NO;
				ENABLE_STRICT_OBJC_MSGSEND = YES;
				GCC_C_LANGUAGE_STANDARD = gnu11;
				GCC_NO_COMMON_BLOCKS = YES;
				GCC_WARN_64_TO_32_BIT_CONVERSION = YES;
				GCC_WARN_ABOUT_RETURN_TYPE = YES_ERROR;
				GCC_WARN_UNDECLARED_SELECTOR = YES;
				GCC_WARN_UNINITIALIZED_AUTOS = YES_AGGRESSIVE;
				GCC_WARN_UNUSED_FUNCTION = YES;
				GCC_WARN_UNUSED_VARIABLE = YES;
				IPHONEOS_DEPLOYMENT_TARGET = 13.5;
				MTL_ENABLE_DEBUG_INFO = NO;
				MTL_FAST_MATH = YES;
				SDKROOT = iphoneos;
				SWIFT_COMPILATION_MODE = wholemodule;
				SWIFT_OPTIMIZATION_LEVEL = "-O";
				VALIDATE_PRODUCT = YES;
			};
			name = Release;
		};
		DEC1DAA724B70B2700A59196 /* Debug */ = {
			isa = XCBuildConfiguration;
			buildSettings = {
				ASSETCATALOG_COMPILER_APPICON_NAME = AppIcon;
				CODE_SIGN_STYLE = Automatic;
				DEVELOPMENT_TEAM = ZSZZK3699G;
				INFOPLIST_FILE = WordsCloudGenerator/Info.plist;
				LD_RUNPATH_SEARCH_PATHS = (
					"$(inherited)",
					"@executable_path/Frameworks",
				);
				PRODUCT_BUNDLE_IDENTIFIER = co.uk.tootoot.WordsCloudGenerator;
				PRODUCT_NAME = "$(TARGET_NAME)";
				SWIFT_VERSION = 5.0;
				TARGETED_DEVICE_FAMILY = "1,2";
			};
			name = Debug;
		};
		DEC1DAA824B70B2700A59196 /* Release */ = {
			isa = XCBuildConfiguration;
			buildSettings = {
				ASSETCATALOG_COMPILER_APPICON_NAME = AppIcon;
				CODE_SIGN_STYLE = Automatic;
				DEVELOPMENT_TEAM = ZSZZK3699G;
				INFOPLIST_FILE = WordsCloudGenerator/Info.plist;
				LD_RUNPATH_SEARCH_PATHS = (
					"$(inherited)",
					"@executable_path/Frameworks",
				);
				PRODUCT_BUNDLE_IDENTIFIER = co.uk.tootoot.WordsCloudGenerator;
				PRODUCT_NAME = "$(TARGET_NAME)";
				SWIFT_VERSION = 5.0;
				TARGETED_DEVICE_FAMILY = "1,2";
			};
			name = Release;
		};
/* End XCBuildConfiguration section */

/* Begin XCConfigurationList section */
		DEC1DA8D24B70B2500A59196 /* Build configuration list for PBXProject "WordsCloudGenerator" */ = {
			isa = XCConfigurationList;
			buildConfigurations = (
				DEC1DAA424B70B2700A59196 /* Debug */,
				DEC1DAA524B70B2700A59196 /* Release */,
			);
			defaultConfigurationIsVisible = 0;
			defaultConfigurationName = Release;
		};
		DEC1DAA624B70B2700A59196 /* Build configuration list for PBXNativeTarget "WordsCloudGenerator" */ = {
			isa = XCConfigurationList;
			buildConfigurations = (
				DEC1DAA724B70B2700A59196 /* Debug */,
				DEC1DAA824B70B2700A59196 /* Release */,
			);
			defaultConfigurationIsVisible = 0;
			defaultConfigurationName = Release;
		};
/* End XCConfigurationList section */
	};
	rootObject = DEC1DA8A24B70B2500A59196 /* Project object */;
}
